
Microsoft Visual Studio Solution File, Format Version 12.00
# Visual Studio Version 17
VisualStudioVersion = 17.7.34024.191
MinimumVisualStudioVersion = 10.0.40219.1
Project("{9A19103F-16F7-4668-BE54-9A1E7A4F7556}") = "StockHD", "StockHD\StockHD.csproj", "{8E717CC0-EBBC-4614-B4BA-EFFDE7AEF3A2}"
EndProject
Project("{FAE04EC0-301F-11D3-BF4B-00C04F79EFBC}") = "StockHD_Lourd", "StockHD_Lourd\StockHD_Lourd.csproj", "{03CADCB4-F9BE-4788-9E91-A9F050B32BE0}"
EndProject
Project("{FAE04EC0-301F-11D3-BF4B-00C04F79EFBC}") = "StockLibrary", "StockLibrary\StockLibrary.csproj", "{0184FB81-147C-41BC-A9A9-31CC5A7279F6}"
EndProject
Global
	GlobalSection(SolutionConfigurationPlatforms) = preSolution
		Debug|Any CPU = Debug|Any CPU
		Debug|x64 = Debug|x64
		Release|Any CPU = Release|Any CPU
		Release|x64 = Release|x64
	EndGlobalSection
	GlobalSection(ProjectConfigurationPlatforms) = postSolution
		{8E717CC0-EBBC-4614-B4BA-EFFDE7AEF3A2}.Debug|Any CPU.ActiveCfg = Debug|Any CPU
		{8E717CC0-EBBC-4614-B4BA-EFFDE7AEF3A2}.Debug|Any CPU.Build.0 = Debug|Any CPU
		{8E717CC0-EBBC-4614-B4BA-EFFDE7AEF3A2}.Debug|x64.ActiveCfg = Debug|x64
		{8E717CC0-EBBC-4614-B4BA-EFFDE7AEF3A2}.Debug|x64.Build.0 = Debug|x64
		{8E717CC0-EBBC-4614-B4BA-EFFDE7AEF3A2}.Release|Any CPU.ActiveCfg = Release|Any CPU
		{8E717CC0-EBBC-4614-B4BA-EFFDE7AEF3A2}.Release|Any CPU.Build.0 = Release|Any CPU
		{8E717CC0-EBBC-4614-B4BA-EFFDE7AEF3A2}.Release|x64.ActiveCfg = Release|x64
		{8E717CC0-EBBC-4614-B4BA-EFFDE7AEF3A2}.Release|x64.Build.0 = Release|x64
		{03CADCB4-F9BE-4788-9E91-A9F050B32BE0}.Debug|Any CPU.ActiveCfg = Debug|Any CPU
		{03CADCB4-F9BE-4788-9E91-A9F050B32BE0}.Debug|Any CPU.Build.0 = Debug|Any CPU
		{03CADCB4-F9BE-4788-9E91-A9F050B32BE0}.Debug|x64.ActiveCfg = Debug|Any CPU
		{03CADCB4-F9BE-4788-9E91-A9F050B32BE0}.Debug|x64.Build.0 = Debug|Any CPU
		{03CADCB4-F9BE-4788-9E91-A9F050B32BE0}.Release|Any CPU.ActiveCfg = Release|Any CPU
		{03CADCB4-F9BE-4788-9E91-A9F050B32BE0}.Release|Any CPU.Build.0 = Release|Any CPU
		{03CADCB4-F9BE-4788-9E91-A9F050B32BE0}.Release|x64.ActiveCfg = Release|Any CPU
		{03CADCB4-F9BE-4788-9E91-A9F050B32BE0}.Release|x64.Build.0 = Release|Any CPU
		{0184FB81-147C-41BC-A9A9-31CC5A7279F6}.Debug|Any CPU.ActiveCfg = Debug|Any CPU
		{0184FB81-147C-41BC-A9A9-31CC5A7279F6}.Debug|Any CPU.Build.0 = Debug|Any CPU
		{0184FB81-147C-41BC-A9A9-31CC5A7279F6}.Debug|x64.ActiveCfg = Debug|Any CPU
		{0184FB81-147C-41BC-A9A9-31CC5A7279F6}.Debug|x64.Build.0 = Debug|Any CPU
		{0184FB81-147C-41BC-A9A9-31CC5A7279F6}.Release|Any CPU.ActiveCfg = Release|Any CPU
		{0184FB81-147C-41BC-A9A9-31CC5A7279F6}.Release|Any CPU.Build.0 = Release|Any CPU
		{0184FB81-147C-41BC-A9A9-31CC5A7279F6}.Release|x64.ActiveCfg = Release|Any CPU
		{0184FB81-147C-41BC-A9A9-31CC5A7279F6}.Release|x64.Build.0 = Release|Any CPU
	EndGlobalSection
	GlobalSection(SolutionProperties) = preSolution
		HideSolutionNode = FALSE
	EndGlobalSection
	GlobalSection(ExtensibilityGlobals) = postSolution
		SolutionGuid = {2D1A7DFD-C773-4DB4-99C3-B91ECA1FE409}
	EndGlobalSection
EndGlobal
