
Microsoft Visual Studio Solution File, Format Version 12.00
# Visual Studio Version 17
VisualStudioVersion = 17.5.002.0
MinimumVisualStudioVersion = 10.0.40219.1
Project("{9A19103F-16F7-4668-BE54-9A1E7A4F7556}") = "StockHD", "StockHD.csproj", "{880DB1D7-789C-475A-8694-52762D259AA4}"
EndProject
Global
	GlobalSection(SolutionConfigurationPlatforms) = preSolution
		Debug|Any CPU = Debug|Any CPU
		Release|Any CPU = Release|Any CPU
	EndGlobalSection
	GlobalSection(ProjectConfigurationPlatforms) = postSolution
		{880DB1D7-789C-475A-8694-52762D259AA4}.Debug|Any CPU.ActiveCfg = Debug|Any CPU
		{880DB1D7-789C-475A-8694-52762D259AA4}.Debug|Any CPU.Build.0 = Debug|Any CPU
		{880DB1D7-789C-475A-8694-52762D259AA4}.Release|Any CPU.ActiveCfg = Release|Any CPU
		{880DB1D7-789C-475A-8694-52762D259AA4}.Release|Any CPU.Build.0 = Release|Any CPU
	EndGlobalSection
	GlobalSection(SolutionProperties) = preSolution
		HideSolutionNode = FALSE
	EndGlobalSection
	GlobalSection(ExtensibilityGlobals) = postSolution
		SolutionGuid = {CA1E685E-AD22-4D34-B625-B9776E7D0D93}
	EndGlobalSection
EndGlobal
